// !$*UTF8*$!
{
	archiveVersion = 1;
	classes = {
	};
	objectVersion = 50;
	objects = {

/* Begin PBXBuildFile section */
		055B5DED0C13F0F4CEDB24B8 /* Pods_SuperMap.framework in Frameworks */ = {isa = PBXBuildFile; fileRef = 602E78B01AE0EA0315D5D37A /* Pods_SuperMap.framework */; };
		0B07E0ED5CBA968D309F01C4 /* Pods_SuperMapTests.framework in Frameworks */ = {isa = PBXBuildFile; fileRef = 526FD7DF5C625455DFB3CD66 /* Pods_SuperMapTests.framework */; };
		84083AE4215880FB002F110E /* Google Direction-07674dbf8433.json in Resources */ = {isa = PBXBuildFile; fileRef = 84083AE3215880FB002F110E /* Google Direction-07674dbf8433.json */; };
		842FDF54215352060071A533 /* GeocodedWaypointDTO.swift in Sources */ = {isa = PBXBuildFile; fileRef = 842FDF53215352060071A533 /* GeocodedWaypointDTO.swift */; };
		842FDF56215352290071A533 /* BoundsDTO.swift in Sources */ = {isa = PBXBuildFile; fileRef = 842FDF55215352290071A533 /* BoundsDTO.swift */; };
		842FDF58215352460071A533 /* DirectionOverviewDTO.swift in Sources */ = {isa = PBXBuildFile; fileRef = 842FDF57215352460071A533 /* DirectionOverviewDTO.swift */; };
		842FDF5A2153525F0071A533 /* GoogleValueDTO.swift in Sources */ = {isa = PBXBuildFile; fileRef = 842FDF592153525F0071A533 /* GoogleValueDTO.swift */; };
		842FDF5C215352770071A533 /* LegDTO.swift in Sources */ = {isa = PBXBuildFile; fileRef = 842FDF5B215352770071A533 /* LegDTO.swift */; };
		842FDF5E215352830071A533 /* LocationDTO.swift in Sources */ = {isa = PBXBuildFile; fileRef = 842FDF5D215352830071A533 /* LocationDTO.swift */; };
		842FDF60215352940071A533 /* PolylineDTO.swift in Sources */ = {isa = PBXBuildFile; fileRef = 842FDF5F215352940071A533 /* PolylineDTO.swift */; };
		842FDF62215352A10071A533 /* RouteDTO.swift in Sources */ = {isa = PBXBuildFile; fileRef = 842FDF61215352A10071A533 /* RouteDTO.swift */; };
		842FDF6721535EE40071A533 /* APIServiceAgent.swift in Sources */ = {isa = PBXBuildFile; fileRef = 842FDF6621535EE40071A533 /* APIServiceAgent.swift */; };
		842FDF6921535EF80071A533 /* APIServiceObjcet.swift in Sources */ = {isa = PBXBuildFile; fileRef = 842FDF6821535EF80071A533 /* APIServiceObjcet.swift */; };
		842FDF6B21535F0B0071A533 /* APIRequestProvider.swift in Sources */ = {isa = PBXBuildFile; fileRef = 842FDF6A21535F0B0071A533 /* APIRequestProvider.swift */; };
		842FDF6D21535F1E0071A533 /* DirectionServices.swift in Sources */ = {isa = PBXBuildFile; fileRef = 842FDF6C21535F1E0071A533 /* DirectionServices.swift */; };
		842FDF7121537AC60071A533 /* Constants.swift in Sources */ = {isa = PBXBuildFile; fileRef = 842FDF7021537AC60071A533 /* Constants.swift */; };
		842FDF76215385720071A533 /* DerectionOverviewModel.swift in Sources */ = {isa = PBXBuildFile; fileRef = 842FDF75215385720071A533 /* DerectionOverviewModel.swift */; };
		842FDF78215386E90071A533 /* Bounds.swift in Sources */ = {isa = PBXBuildFile; fileRef = 842FDF77215386E90071A533 /* Bounds.swift */; };
		842FDF7A2153870F0071A533 /* Location.swift in Sources */ = {isa = PBXBuildFile; fileRef = 842FDF792153870F0071A533 /* Location.swift */; };
		84846BBE2152110800EBBB8F /* AppDelegate.swift in Sources */ = {isa = PBXBuildFile; fileRef = 84846BBD2152110800EBBB8F /* AppDelegate.swift */; };
		84846BC02152110800EBBB8F /* ViewController.swift in Sources */ = {isa = PBXBuildFile; fileRef = 84846BBF2152110800EBBB8F /* ViewController.swift */; };
		84846BC32152110800EBBB8F /* Main.storyboard in Resources */ = {isa = PBXBuildFile; fileRef = 84846BC12152110800EBBB8F /* Main.storyboard */; };
		84846BC52152110900EBBB8F /* Assets.xcassets in Resources */ = {isa = PBXBuildFile; fileRef = 84846BC42152110900EBBB8F /* Assets.xcassets */; };
		84846BC82152110900EBBB8F /* LaunchScreen.storyboard in Resources */ = {isa = PBXBuildFile; fileRef = 84846BC62152110900EBBB8F /* LaunchScreen.storyboard */; };
		84846BD32152110900EBBB8F /* SuperMapTests.swift in Sources */ = {isa = PBXBuildFile; fileRef = 84846BD22152110900EBBB8F /* SuperMapTests.swift */; };
		84846BDE2152110900EBBB8F /* SuperMapUITests.swift in Sources */ = {isa = PBXBuildFile; fileRef = 84846BDD2152110900EBBB8F /* SuperMapUITests.swift */; };
		84846BEF215211B100EBBB8F /* SearchViewController.swift in Sources */ = {isa = PBXBuildFile; fileRef = 84846BED215211B100EBBB8F /* SearchViewController.swift */; };
		84846BF0215211B100EBBB8F /* SearchViewController.xib in Resources */ = {isa = PBXBuildFile; fileRef = 84846BEE215211B100EBBB8F /* SearchViewController.xib */; };
		84846BF321521F3900EBBB8F /* SearchResultCell.swift in Sources */ = {isa = PBXBuildFile; fileRef = 84846BF121521F3900EBBB8F /* SearchResultCell.swift */; };
		84846BF421521F3900EBBB8F /* SearchResultCell.xib in Resources */ = {isa = PBXBuildFile; fileRef = 84846BF221521F3900EBBB8F /* SearchResultCell.xib */; };
		84846BF7215222BF00EBBB8F /* MapViewController.swift in Sources */ = {isa = PBXBuildFile; fileRef = 84846BF5215222BF00EBBB8F /* MapViewController.swift */; };
		84846BF8215222BF00EBBB8F /* MapViewController.xib in Resources */ = {isa = PBXBuildFile; fileRef = 84846BF6215222BF00EBBB8F /* MapViewController.xib */; };
		C121F06E58DD67D9D8100F3B /* Pods_SuperMapUITests.framework in Frameworks */ = {isa = PBXBuildFile; fileRef = B69ECEAAC177CAA827A0EB06 /* Pods_SuperMapUITests.framework */; };
/* End PBXBuildFile section */

/* Begin PBXContainerItemProxy section */
		84846BCF2152110900EBBB8F /* PBXContainerItemProxy */ = {
			isa = PBXContainerItemProxy;
			containerPortal = 84846BB22152110800EBBB8F /* Project object */;
			proxyType = 1;
			remoteGlobalIDString = 84846BB92152110800EBBB8F;
			remoteInfo = SuperMap;
		};
		84846BDA2152110900EBBB8F /* PBXContainerItemProxy */ = {
			isa = PBXContainerItemProxy;
			containerPortal = 84846BB22152110800EBBB8F /* Project object */;
			proxyType = 1;
			remoteGlobalIDString = 84846BB92152110800EBBB8F;
			remoteInfo = SuperMap;
		};
/* End PBXContainerItemProxy section */

/* Begin PBXFileReference section */
		017B218CF09F1576134EEE75 /* Pods-SuperMap.release.xcconfig */ = {isa = PBXFileReference; includeInIndex = 1; lastKnownFileType = text.xcconfig; name = "Pods-SuperMap.release.xcconfig"; path = "Pods/Target Support Files/Pods-SuperMap/Pods-SuperMap.release.xcconfig"; sourceTree = "<group>"; };
		4DDFA096E1E47E81C72602A1 /* Pods-SuperMapUITests.debug.xcconfig */ = {isa = PBXFileReference; includeInIndex = 1; lastKnownFileType = text.xcconfig; name = "Pods-SuperMapUITests.debug.xcconfig"; path = "Pods/Target Support Files/Pods-SuperMapUITests/Pods-SuperMapUITests.debug.xcconfig"; sourceTree = "<group>"; };
		526FD7DF5C625455DFB3CD66 /* Pods_SuperMapTests.framework */ = {isa = PBXFileReference; explicitFileType = wrapper.framework; includeInIndex = 0; path = Pods_SuperMapTests.framework; sourceTree = BUILT_PRODUCTS_DIR; };
		602E78B01AE0EA0315D5D37A /* Pods_SuperMap.framework */ = {isa = PBXFileReference; explicitFileType = wrapper.framework; includeInIndex = 0; path = Pods_SuperMap.framework; sourceTree = BUILT_PRODUCTS_DIR; };
		7850F454507AF2DE332F1D56 /* Pods-SuperMapTests.release.xcconfig */ = {isa = PBXFileReference; includeInIndex = 1; lastKnownFileType = text.xcconfig; name = "Pods-SuperMapTests.release.xcconfig"; path = "Pods/Target Support Files/Pods-SuperMapTests/Pods-SuperMapTests.release.xcconfig"; sourceTree = "<group>"; };
		84083AE3215880FB002F110E /* Google Direction-07674dbf8433.json */ = {isa = PBXFileReference; fileEncoding = 4; lastKnownFileType = text.json; path = "Google Direction-07674dbf8433.json"; sourceTree = "<group>"; };
		842FDF53215352060071A533 /* GeocodedWaypointDTO.swift */ = {isa = PBXFileReference; lastKnownFileType = sourcecode.swift; path = GeocodedWaypointDTO.swift; sourceTree = "<group>"; };
		842FDF55215352290071A533 /* BoundsDTO.swift */ = {isa = PBXFileReference; lastKnownFileType = sourcecode.swift; path = BoundsDTO.swift; sourceTree = "<group>"; };
		842FDF57215352460071A533 /* DirectionOverviewDTO.swift */ = {isa = PBXFileReference; lastKnownFileType = sourcecode.swift; path = DirectionOverviewDTO.swift; sourceTree = "<group>"; };
		842FDF592153525F0071A533 /* GoogleValueDTO.swift */ = {isa = PBXFileReference; lastKnownFileType = sourcecode.swift; path = GoogleValueDTO.swift; sourceTree = "<group>"; };
		842FDF5B215352770071A533 /* LegDTO.swift */ = {isa = PBXFileReference; lastKnownFileType = sourcecode.swift; path = LegDTO.swift; sourceTree = "<group>"; };
		842FDF5D215352830071A533 /* LocationDTO.swift */ = {isa = PBXFileReference; lastKnownFileType = sourcecode.swift; path = LocationDTO.swift; sourceTree = "<group>"; };
		842FDF5F215352940071A533 /* PolylineDTO.swift */ = {isa = PBXFileReference; lastKnownFileType = sourcecode.swift; path = PolylineDTO.swift; sourceTree = "<group>"; };
		842FDF61215352A10071A533 /* RouteDTO.swift */ = {isa = PBXFileReference; lastKnownFileType = sourcecode.swift; path = RouteDTO.swift; sourceTree = "<group>"; };
		842FDF6621535EE40071A533 /* APIServiceAgent.swift */ = {isa = PBXFileReference; lastKnownFileType = sourcecode.swift; path = APIServiceAgent.swift; sourceTree = "<group>"; };
		842FDF6821535EF80071A533 /* APIServiceObjcet.swift */ = {isa = PBXFileReference; lastKnownFileType = sourcecode.swift; path = APIServiceObjcet.swift; sourceTree = "<group>"; };
		842FDF6A21535F0B0071A533 /* APIRequestProvider.swift */ = {isa = PBXFileReference; lastKnownFileType = sourcecode.swift; path = APIRequestProvider.swift; sourceTree = "<group>"; };
		842FDF6C21535F1E0071A533 /* DirectionServices.swift */ = {isa = PBXFileReference; lastKnownFileType = sourcecode.swift; path = DirectionServices.swift; sourceTree = "<group>"; };
		842FDF7021537AC60071A533 /* Constants.swift */ = {isa = PBXFileReference; lastKnownFileType = sourcecode.swift; path = Constants.swift; sourceTree = "<group>"; };
		842FDF75215385720071A533 /* DerectionOverviewModel.swift */ = {isa = PBXFileReference; lastKnownFileType = sourcecode.swift; path = DerectionOverviewModel.swift; sourceTree = "<group>"; };
		842FDF77215386E90071A533 /* Bounds.swift */ = {isa = PBXFileReference; lastKnownFileType = sourcecode.swift; path = Bounds.swift; sourceTree = "<group>"; };
		842FDF792153870F0071A533 /* Location.swift */ = {isa = PBXFileReference; lastKnownFileType = sourcecode.swift; path = Location.swift; sourceTree = "<group>"; };
		84846BBA2152110800EBBB8F /* SuperMap.app */ = {isa = PBXFileReference; explicitFileType = wrapper.application; includeInIndex = 0; path = SuperMap.app; sourceTree = BUILT_PRODUCTS_DIR; };
		84846BBD2152110800EBBB8F /* AppDelegate.swift */ = {isa = PBXFileReference; lastKnownFileType = sourcecode.swift; path = AppDelegate.swift; sourceTree = "<group>"; };
		84846BBF2152110800EBBB8F /* ViewController.swift */ = {isa = PBXFileReference; lastKnownFileType = sourcecode.swift; path = ViewController.swift; sourceTree = "<group>"; };
		84846BC22152110800EBBB8F /* Base */ = {isa = PBXFileReference; lastKnownFileType = file.storyboard; name = Base; path = Base.lproj/Main.storyboard; sourceTree = "<group>"; };
		84846BC42152110900EBBB8F /* Assets.xcassets */ = {isa = PBXFileReference; lastKnownFileType = folder.assetcatalog; path = Assets.xcassets; sourceTree = "<group>"; };
		84846BC72152110900EBBB8F /* Base */ = {isa = PBXFileReference; lastKnownFileType = file.storyboard; name = Base; path = Base.lproj/LaunchScreen.storyboard; sourceTree = "<group>"; };
		84846BC92152110900EBBB8F /* Info.plist */ = {isa = PBXFileReference; lastKnownFileType = text.plist.xml; path = Info.plist; sourceTree = "<group>"; };
		84846BCE2152110900EBBB8F /* SuperMapTests.xctest */ = {isa = PBXFileReference; explicitFileType = wrapper.cfbundle; includeInIndex = 0; path = SuperMapTests.xctest; sourceTree = BUILT_PRODUCTS_DIR; };
		84846BD22152110900EBBB8F /* SuperMapTests.swift */ = {isa = PBXFileReference; lastKnownFileType = sourcecode.swift; path = SuperMapTests.swift; sourceTree = "<group>"; };
		84846BD42152110900EBBB8F /* Info.plist */ = {isa = PBXFileReference; lastKnownFileType = text.plist.xml; path = Info.plist; sourceTree = "<group>"; };
		84846BD92152110900EBBB8F /* SuperMapUITests.xctest */ = {isa = PBXFileReference; explicitFileType = wrapper.cfbundle; includeInIndex = 0; path = SuperMapUITests.xctest; sourceTree = BUILT_PRODUCTS_DIR; };
		84846BDD2152110900EBBB8F /* SuperMapUITests.swift */ = {isa = PBXFileReference; lastKnownFileType = sourcecode.swift; path = SuperMapUITests.swift; sourceTree = "<group>"; };
		84846BDF2152110900EBBB8F /* Info.plist */ = {isa = PBXFileReference; lastKnownFileType = text.plist.xml; path = Info.plist; sourceTree = "<group>"; };
		84846BED215211B100EBBB8F /* SearchViewController.swift */ = {isa = PBXFileReference; lastKnownFileType = sourcecode.swift; path = SearchViewController.swift; sourceTree = "<group>"; };
		84846BEE215211B100EBBB8F /* SearchViewController.xib */ = {isa = PBXFileReference; lastKnownFileType = file.xib; path = SearchViewController.xib; sourceTree = "<group>"; };
		84846BF121521F3900EBBB8F /* SearchResultCell.swift */ = {isa = PBXFileReference; lastKnownFileType = sourcecode.swift; path = SearchResultCell.swift; sourceTree = "<group>"; };
		84846BF221521F3900EBBB8F /* SearchResultCell.xib */ = {isa = PBXFileReference; lastKnownFileType = file.xib; path = SearchResultCell.xib; sourceTree = "<group>"; };
		84846BF5215222BF00EBBB8F /* MapViewController.swift */ = {isa = PBXFileReference; lastKnownFileType = sourcecode.swift; path = MapViewController.swift; sourceTree = "<group>"; };
		84846BF6215222BF00EBBB8F /* MapViewController.xib */ = {isa = PBXFileReference; lastKnownFileType = file.xib; path = MapViewController.xib; sourceTree = "<group>"; };
		8CD3E3D8DE492CB2ABD092EB /* Pods-SuperMap.debug.xcconfig */ = {isa = PBXFileReference; includeInIndex = 1; lastKnownFileType = text.xcconfig; name = "Pods-SuperMap.debug.xcconfig"; path = "Pods/Target Support Files/Pods-SuperMap/Pods-SuperMap.debug.xcconfig"; sourceTree = "<group>"; };
		B69ECEAAC177CAA827A0EB06 /* Pods_SuperMapUITests.framework */ = {isa = PBXFileReference; explicitFileType = wrapper.framework; includeInIndex = 0; path = Pods_SuperMapUITests.framework; sourceTree = BUILT_PRODUCTS_DIR; };
		BB6013CF26AF4D12CD40010B /* Pods-SuperMapTests.debug.xcconfig */ = {isa = PBXFileReference; includeInIndex = 1; lastKnownFileType = text.xcconfig; name = "Pods-SuperMapTests.debug.xcconfig"; path = "Pods/Target Support Files/Pods-SuperMapTests/Pods-SuperMapTests.debug.xcconfig"; sourceTree = "<group>"; };
		D1BC1CF40B5FE0F82CC735E7 /* Pods-SuperMapUITests.release.xcconfig */ = {isa = PBXFileReference; includeInIndex = 1; lastKnownFileType = text.xcconfig; name = "Pods-SuperMapUITests.release.xcconfig"; path = "Pods/Target Support Files/Pods-SuperMapUITests/Pods-SuperMapUITests.release.xcconfig"; sourceTree = "<group>"; };
/* End PBXFileReference section */

/* Begin PBXFrameworksBuildPhase section */
		84846BB72152110800EBBB8F /* Frameworks */ = {
			isa = PBXFrameworksBuildPhase;
			buildActionMask = 2147483647;
			files = (
				055B5DED0C13F0F4CEDB24B8 /* Pods_SuperMap.framework in Frameworks */,
			);
			runOnlyForDeploymentPostprocessing = 0;
		};
		84846BCB2152110900EBBB8F /* Frameworks */ = {
			isa = PBXFrameworksBuildPhase;
			buildActionMask = 2147483647;
			files = (
				0B07E0ED5CBA968D309F01C4 /* Pods_SuperMapTests.framework in Frameworks */,
			);
			runOnlyForDeploymentPostprocessing = 0;
		};
		84846BD62152110900EBBB8F /* Frameworks */ = {
			isa = PBXFrameworksBuildPhase;
			buildActionMask = 2147483647;
			files = (
				C121F06E58DD67D9D8100F3B /* Pods_SuperMapUITests.framework in Frameworks */,
			);
			runOnlyForDeploymentPostprocessing = 0;
		};
/* End PBXFrameworksBuildPhase section */

/* Begin PBXGroup section */
		06E7BF93FAFE09F84634189D /* Frameworks */ = {
			isa = PBXGroup;
			children = (
				602E78B01AE0EA0315D5D37A /* Pods_SuperMap.framework */,
				526FD7DF5C625455DFB3CD66 /* Pods_SuperMapTests.framework */,
				B69ECEAAC177CAA827A0EB06 /* Pods_SuperMapUITests.framework */,
			);
			name = Frameworks;
			sourceTree = "<group>";
		};
		842FDF4E215351230071A533 /* DTOs */ = {
			isa = PBXGroup;
			children = (
				842FDF592153525F0071A533 /* GoogleValueDTO.swift */,
				842FDF5D215352830071A533 /* LocationDTO.swift */,
				842FDF5F215352940071A533 /* PolylineDTO.swift */,
				842FDF55215352290071A533 /* BoundsDTO.swift */,
				842FDF5B215352770071A533 /* LegDTO.swift */,
				842FDF61215352A10071A533 /* RouteDTO.swift */,
				842FDF57215352460071A533 /* DirectionOverviewDTO.swift */,
				842FDF53215352060071A533 /* GeocodedWaypointDTO.swift */,
			);
			path = DTOs;
			sourceTree = "<group>";
		};
		842FDF6521535E420071A533 /* APIs */ = {
			isa = PBXGroup;
			children = (
				842FDF6621535EE40071A533 /* APIServiceAgent.swift */,
				842FDF6821535EF80071A533 /* APIServiceObjcet.swift */,
				842FDF6A21535F0B0071A533 /* APIRequestProvider.swift */,
				842FDF6C21535F1E0071A533 /* DirectionServices.swift */,
			);
			path = APIs;
			sourceTree = "<group>";
		};
		842FDF6E21537AA00071A533 /* Helper */ = {
			isa = PBXGroup;
			children = (
				842FDF7021537AC60071A533 /* Constants.swift */,
			);
			path = Helper;
			sourceTree = "<group>";
		};
		842FDF722153853A0071A533 /* Model */ = {
			isa = PBXGroup;
			children = (
				842FDF75215385720071A533 /* DerectionOverviewModel.swift */,
				842FDF77215386E90071A533 /* Bounds.swift */,
				842FDF792153870F0071A533 /* Location.swift */,
			);
			path = Model;
			sourceTree = "<group>";
		};
		84846BB12152110800EBBB8F = {
			isa = PBXGroup;
			children = (
				84846BBC2152110800EBBB8F /* SuperMap */,
				84846BD12152110900EBBB8F /* SuperMapTests */,
				84846BDC2152110900EBBB8F /* SuperMapUITests */,
				84846BBB2152110800EBBB8F /* Products */,
				F3D9BE4A5E449C5DA196979B /* Pods */,
				06E7BF93FAFE09F84634189D /* Frameworks */,
			);
			sourceTree = "<group>";
		};
		84846BBB2152110800EBBB8F /* Products */ = {
			isa = PBXGroup;
			children = (
				84846BBA2152110800EBBB8F /* SuperMap.app */,
				84846BCE2152110900EBBB8F /* SuperMapTests.xctest */,
				84846BD92152110900EBBB8F /* SuperMapUITests.xctest */,
			);
			name = Products;
			sourceTree = "<group>";
		};
		84846BBC2152110800EBBB8F /* SuperMap */ = {
			isa = PBXGroup;
			children = (
				84083AE3215880FB002F110E /* Google Direction-07674dbf8433.json */,
				842FDF722153853A0071A533 /* Model */,
				842FDF6E21537AA00071A533 /* Helper */,
				842FDF6521535E420071A533 /* APIs */,
				842FDF4E215351230071A533 /* DTOs */,
				84846BEC2152119500EBBB8F /* Main */,
				84846BEB2152117700EBBB8F /* Search */,
				84846BBD2152110800EBBB8F /* AppDelegate.swift */,
				84846BBF2152110800EBBB8F /* ViewController.swift */,
				84846BC12152110800EBBB8F /* Main.storyboard */,
				84846BC42152110900EBBB8F /* Assets.xcassets */,
				84846BC62152110900EBBB8F /* LaunchScreen.storyboard */,
				84846BC92152110900EBBB8F /* Info.plist */,
			);
			path = SuperMap;
			sourceTree = "<group>";
		};
		84846BD12152110900EBBB8F /* SuperMapTests */ = {
			isa = PBXGroup;
			children = (
				84846BD22152110900EBBB8F /* SuperMapTests.swift */,
				84846BD42152110900EBBB8F /* Info.plist */,
			);
			path = SuperMapTests;
			sourceTree = "<group>";
		};
		84846BDC2152110900EBBB8F /* SuperMapUITests */ = {
			isa = PBXGroup;
			children = (
				84846BDD2152110900EBBB8F /* SuperMapUITests.swift */,
				84846BDF2152110900EBBB8F /* Info.plist */,
			);
			path = SuperMapUITests;
			sourceTree = "<group>";
		};
		84846BEB2152117700EBBB8F /* Search */ = {
			isa = PBXGroup;
			children = (
				84846BED215211B100EBBB8F /* SearchViewController.swift */,
				84846BEE215211B100EBBB8F /* SearchViewController.xib */,
				84846BF121521F3900EBBB8F /* SearchResultCell.swift */,
				84846BF221521F3900EBBB8F /* SearchResultCell.xib */,
			);
			path = Search;
			sourceTree = "<group>";
		};
		84846BEC2152119500EBBB8F /* Main */ = {
			isa = PBXGroup;
			children = (
				84846BF5215222BF00EBBB8F /* MapViewController.swift */,
				84846BF6215222BF00EBBB8F /* MapViewController.xib */,
			);
			path = Main;
			sourceTree = "<group>";
		};
		F3D9BE4A5E449C5DA196979B /* Pods */ = {
			isa = PBXGroup;
			children = (
				8CD3E3D8DE492CB2ABD092EB /* Pods-SuperMap.debug.xcconfig */,
				017B218CF09F1576134EEE75 /* Pods-SuperMap.release.xcconfig */,
				BB6013CF26AF4D12CD40010B /* Pods-SuperMapTests.debug.xcconfig */,
				7850F454507AF2DE332F1D56 /* Pods-SuperMapTests.release.xcconfig */,
				4DDFA096E1E47E81C72602A1 /* Pods-SuperMapUITests.debug.xcconfig */,
				D1BC1CF40B5FE0F82CC735E7 /* Pods-SuperMapUITests.release.xcconfig */,
			);
			name = Pods;
			sourceTree = "<group>";
		};
/* End PBXGroup section */

/* Begin PBXNativeTarget section */
		84846BB92152110800EBBB8F /* SuperMap */ = {
			isa = PBXNativeTarget;
			buildConfigurationList = 84846BE22152110900EBBB8F /* Build configuration list for PBXNativeTarget "SuperMap" */;
			buildPhases = (
				5FAA35321702B08A765AC86B /* [CP] Check Pods Manifest.lock */,
				84846BB62152110800EBBB8F /* Sources */,
				84846BB72152110800EBBB8F /* Frameworks */,
				84846BB82152110800EBBB8F /* Resources */,
				9181EE6122CF0A3C68433CB4 /* [CP] Embed Pods Frameworks */,
				DC95749568B98732826B9A56 /* [CP] Copy Pods Resources */,
			);
			buildRules = (
			);
			dependencies = (
			);
			name = SuperMap;
			productName = SuperMap;
			productReference = 84846BBA2152110800EBBB8F /* SuperMap.app */;
			productType = "com.apple.product-type.application";
		};
		84846BCD2152110900EBBB8F /* SuperMapTests */ = {
			isa = PBXNativeTarget;
			buildConfigurationList = 84846BE52152110900EBBB8F /* Build configuration list for PBXNativeTarget "SuperMapTests" */;
			buildPhases = (
				EA48B272365264B4334A4DDD /* [CP] Check Pods Manifest.lock */,
				84846BCA2152110900EBBB8F /* Sources */,
				84846BCB2152110900EBBB8F /* Frameworks */,
				84846BCC2152110900EBBB8F /* Resources */,
			);
			buildRules = (
			);
			dependencies = (
				84846BD02152110900EBBB8F /* PBXTargetDependency */,
			);
			name = SuperMapTests;
			productName = SuperMapTests;
			productReference = 84846BCE2152110900EBBB8F /* SuperMapTests.xctest */;
			productType = "com.apple.product-type.bundle.unit-test";
		};
		84846BD82152110900EBBB8F /* SuperMapUITests */ = {
			isa = PBXNativeTarget;
			buildConfigurationList = 84846BE82152110900EBBB8F /* Build configuration list for PBXNativeTarget "SuperMapUITests" */;
			buildPhases = (
				96DD1F1B8B36CA54A8E156EC /* [CP] Check Pods Manifest.lock */,
				84846BD52152110900EBBB8F /* Sources */,
				84846BD62152110900EBBB8F /* Frameworks */,
				84846BD72152110900EBBB8F /* Resources */,
			);
			buildRules = (
			);
			dependencies = (
				84846BDB2152110900EBBB8F /* PBXTargetDependency */,
			);
			name = SuperMapUITests;
			productName = SuperMapUITests;
			productReference = 84846BD92152110900EBBB8F /* SuperMapUITests.xctest */;
			productType = "com.apple.product-type.bundle.ui-testing";
		};
/* End PBXNativeTarget section */

/* Begin PBXProject section */
		84846BB22152110800EBBB8F /* Project object */ = {
			isa = PBXProject;
			attributes = {
				LastSwiftUpdateCheck = 0930;
				LastUpgradeCheck = 0930;
				ORGANIZATIONNAME = admin;
				TargetAttributes = {
					84846BB92152110800EBBB8F = {
						CreatedOnToolsVersion = 9.3.1;
					};
					84846BCD2152110900EBBB8F = {
						CreatedOnToolsVersion = 9.3.1;
						TestTargetID = 84846BB92152110800EBBB8F;
					};
					84846BD82152110900EBBB8F = {
						CreatedOnToolsVersion = 9.3.1;
						TestTargetID = 84846BB92152110800EBBB8F;
					};
				};
			};
			buildConfigurationList = 84846BB52152110800EBBB8F /* Build configuration list for PBXProject "SuperMap" */;
			compatibilityVersion = "Xcode 9.3";
			developmentRegion = en;
			hasScannedForEncodings = 0;
			knownRegions = (
				en,
				Base,
			);
			mainGroup = 84846BB12152110800EBBB8F;
			productRefGroup = 84846BBB2152110800EBBB8F /* Products */;
			projectDirPath = "";
			projectRoot = "";
			targets = (
				84846BB92152110800EBBB8F /* SuperMap */,
				84846BCD2152110900EBBB8F /* SuperMapTests */,
				84846BD82152110900EBBB8F /* SuperMapUITests */,
			);
		};
/* End PBXProject section */

/* Begin PBXResourcesBuildPhase section */
		84846BB82152110800EBBB8F /* Resources */ = {
			isa = PBXResourcesBuildPhase;
			buildActionMask = 2147483647;
			files = (
				84846BC82152110900EBBB8F /* LaunchScreen.storyboard in Resources */,
				84846BF8215222BF00EBBB8F /* MapViewController.xib in Resources */,
				84846BF421521F3900EBBB8F /* SearchResultCell.xib in Resources */,
				84846BC52152110900EBBB8F /* Assets.xcassets in Resources */,
				84083AE4215880FB002F110E /* Google Direction-07674dbf8433.json in Resources */,
				84846BF0215211B100EBBB8F /* SearchViewController.xib in Resources */,
				84846BC32152110800EBBB8F /* Main.storyboard in Resources */,
			);
			runOnlyForDeploymentPostprocessing = 0;
		};
		84846BCC2152110900EBBB8F /* Resources */ = {
			isa = PBXResourcesBuildPhase;
			buildActionMask = 2147483647;
			files = (
			);
			runOnlyForDeploymentPostprocessing = 0;
		};
		84846BD72152110900EBBB8F /* Resources */ = {
			isa = PBXResourcesBuildPhase;
			buildActionMask = 2147483647;
			files = (
			);
			runOnlyForDeploymentPostprocessing = 0;
		};
/* End PBXResourcesBuildPhase section */

/* Begin PBXShellScriptBuildPhase section */
		5FAA35321702B08A765AC86B /* [CP] Check Pods Manifest.lock */ = {
			isa = PBXShellScriptBuildPhase;
			buildActionMask = 2147483647;
			files = (
			);
			inputPaths = (
				"${PODS_PODFILE_DIR_PATH}/Podfile.lock",
				"${PODS_ROOT}/Manifest.lock",
			);
			name = "[CP] Check Pods Manifest.lock";
			outputPaths = (
				"$(DERIVED_FILE_DIR)/Pods-SuperMap-checkManifestLockResult.txt",
			);
			runOnlyForDeploymentPostprocessing = 0;
			shellPath = /bin/sh;
			shellScript = "diff \"${PODS_PODFILE_DIR_PATH}/Podfile.lock\" \"${PODS_ROOT}/Manifest.lock\" > /dev/null\nif [ $? != 0 ] ; then\n    # print error to STDERR\n    echo \"error: The sandbox is not in sync with the Podfile.lock. Run 'pod install' or update your CocoaPods installation.\" >&2\n    exit 1\nfi\n# This output is used by Xcode 'outputs' to avoid re-running this script phase.\necho \"SUCCESS\" > \"${SCRIPT_OUTPUT_FILE_0}\"\n";
			showEnvVarsInLog = 0;
		};
		9181EE6122CF0A3C68433CB4 /* [CP] Embed Pods Frameworks */ = {
			isa = PBXShellScriptBuildPhase;
			buildActionMask = 2147483647;
			files = (
			);
			inputPaths = (
				"${SRCROOT}/Pods/Target Support Files/Pods-SuperMap/Pods-SuperMap-frameworks.sh",
				"${BUILT_PRODUCTS_DIR}/Alamofire/Alamofire.framework",
				"${BUILT_PRODUCTS_DIR}/PullUpController/PullUpController.framework",
				"${BUILT_PRODUCTS_DIR}/SwiftyJSON/SwiftyJSON.framework",
			);
			name = "[CP] Embed Pods Frameworks";
			outputPaths = (
				"${TARGET_BUILD_DIR}/${FRAMEWORKS_FOLDER_PATH}/Alamofire.framework",
				"${TARGET_BUILD_DIR}/${FRAMEWORKS_FOLDER_PATH}/PullUpController.framework",
				"${TARGET_BUILD_DIR}/${FRAMEWORKS_FOLDER_PATH}/SwiftyJSON.framework",
			);
			runOnlyForDeploymentPostprocessing = 0;
			shellPath = /bin/sh;
			shellScript = "\"${SRCROOT}/Pods/Target Support Files/Pods-SuperMap/Pods-SuperMap-frameworks.sh\"\n";
			showEnvVarsInLog = 0;
		};
		96DD1F1B8B36CA54A8E156EC /* [CP] Check Pods Manifest.lock */ = {
			isa = PBXShellScriptBuildPhase;
			buildActionMask = 2147483647;
			files = (
			);
			inputPaths = (
				"${PODS_PODFILE_DIR_PATH}/Podfile.lock",
				"${PODS_ROOT}/Manifest.lock",
			);
			name = "[CP] Check Pods Manifest.lock";
			outputPaths = (
				"$(DERIVED_FILE_DIR)/Pods-SuperMapUITests-checkManifestLockResult.txt",
			);
			runOnlyForDeploymentPostprocessing = 0;
			shellPath = /bin/sh;
			shellScript = "diff \"${PODS_PODFILE_DIR_PATH}/Podfile.lock\" \"${PODS_ROOT}/Manifest.lock\" > /dev/null\nif [ $? != 0 ] ; then\n    # print error to STDERR\n    echo \"error: The sandbox is not in sync with the Podfile.lock. Run 'pod install' or update your CocoaPods installation.\" >&2\n    exit 1\nfi\n# This output is used by Xcode 'outputs' to avoid re-running this script phase.\necho \"SUCCESS\" > \"${SCRIPT_OUTPUT_FILE_0}\"\n";
			showEnvVarsInLog = 0;
		};
		DC95749568B98732826B9A56 /* [CP] Copy Pods Resources */ = {
			isa = PBXShellScriptBuildPhase;
			buildActionMask = 2147483647;
			files = (
			);
			inputPaths = (
				"${SRCROOT}/Pods/Target Support Files/Pods-SuperMap/Pods-SuperMap-resources.sh",
				"${PODS_ROOT}/GoogleMaps/Maps/Frameworks/GoogleMaps.framework/Resources/GoogleMaps.bundle",
				"${PODS_ROOT}/GooglePlaces/Frameworks/GooglePlaces.framework/Resources/GooglePlaces.bundle",
			);
			name = "[CP] Copy Pods Resources";
			outputPaths = (
				"${TARGET_BUILD_DIR}/${UNLOCALIZED_RESOURCES_FOLDER_PATH}/GoogleMaps.bundle",
				"${TARGET_BUILD_DIR}/${UNLOCALIZED_RESOURCES_FOLDER_PATH}/GooglePlaces.bundle",
			);
			runOnlyForDeploymentPostprocessing = 0;
			shellPath = /bin/sh;
			shellScript = "\"${SRCROOT}/Pods/Target Support Files/Pods-SuperMap/Pods-SuperMap-resources.sh\"\n";
			showEnvVarsInLog = 0;
		};
		EA48B272365264B4334A4DDD /* [CP] Check Pods Manifest.lock */ = {
			isa = PBXShellScriptBuildPhase;
			buildActionMask = 2147483647;
			files = (
			);
			inputPaths = (
				"${PODS_PODFILE_DIR_PATH}/Podfile.lock",
				"${PODS_ROOT}/Manifest.lock",
			);
			name = "[CP] Check Pods Manifest.lock";
			outputPaths = (
				"$(DERIVED_FILE_DIR)/Pods-SuperMapTests-checkManifestLockResult.txt",
			);
			runOnlyForDeploymentPostprocessing = 0;
			shellPath = /bin/sh;
			shellScript = "diff \"${PODS_PODFILE_DIR_PATH}/Podfile.lock\" \"${PODS_ROOT}/Manifest.lock\" > /dev/null\nif [ $? != 0 ] ; then\n    # print error to STDERR\n    echo \"error: The sandbox is not in sync with the Podfile.lock. Run 'pod install' or update your CocoaPods installation.\" >&2\n    exit 1\nfi\n# This output is used by Xcode 'outputs' to avoid re-running this script phase.\necho \"SUCCESS\" > \"${SCRIPT_OUTPUT_FILE_0}\"\n";
			showEnvVarsInLog = 0;
		};
/* End PBXShellScriptBuildPhase section */

/* Begin PBXSourcesBuildPhase section */
		84846BB62152110800EBBB8F /* Sources */ = {
			isa = PBXSourcesBuildPhase;
			buildActionMask = 2147483647;
			files = (
				842FDF5E215352830071A533 /* LocationDTO.swift in Sources */,
				842FDF6D21535F1E0071A533 /* DirectionServices.swift in Sources */,
				842FDF6B21535F0B0071A533 /* APIRequestProvider.swift in Sources */,
				842FDF62215352A10071A533 /* RouteDTO.swift in Sources */,
				84846BEF215211B100EBBB8F /* SearchViewController.swift in Sources */,
				84846BC02152110800EBBB8F /* ViewController.swift in Sources */,
				842FDF78215386E90071A533 /* Bounds.swift in Sources */,
				842FDF60215352940071A533 /* PolylineDTO.swift in Sources */,
				84846BF321521F3900EBBB8F /* SearchResultCell.swift in Sources */,
				842FDF6921535EF80071A533 /* APIServiceObjcet.swift in Sources */,
				842FDF6721535EE40071A533 /* APIServiceAgent.swift in Sources */,
				842FDF56215352290071A533 /* BoundsDTO.swift in Sources */,
				842FDF5A2153525F0071A533 /* GoogleValueDTO.swift in Sources */,
				842FDF7A2153870F0071A533 /* Location.swift in Sources */,
				842FDF76215385720071A533 /* DerectionOverviewModel.swift in Sources */,
				842FDF58215352460071A533 /* DirectionOverviewDTO.swift in Sources */,
				842FDF5C215352770071A533 /* LegDTO.swift in Sources */,
				84846BF7215222BF00EBBB8F /* MapViewController.swift in Sources */,
				842FDF54215352060071A533 /* GeocodedWaypointDTO.swift in Sources */,
				84846BBE2152110800EBBB8F /* AppDelegate.swift in Sources */,
				842FDF7121537AC60071A533 /* Constants.swift in Sources */,
			);
			runOnlyForDeploymentPostprocessing = 0;
		};
		84846BCA2152110900EBBB8F /* Sources */ = {
			isa = PBXSourcesBuildPhase;
			buildActionMask = 2147483647;
			files = (
				84846BD32152110900EBBB8F /* SuperMapTests.swift in Sources */,
			);
			runOnlyForDeploymentPostprocessing = 0;
		};
		84846BD52152110900EBBB8F /* Sources */ = {
			isa = PBXSourcesBuildPhase;
			buildActionMask = 2147483647;
			files = (
				84846BDE2152110900EBBB8F /* SuperMapUITests.swift in Sources */,
			);
			runOnlyForDeploymentPostprocessing = 0;
		};
/* End PBXSourcesBuildPhase section */

/* Begin PBXTargetDependency section */
		84846BD02152110900EBBB8F /* PBXTargetDependency */ = {
			isa = PBXTargetDependency;
			target = 84846BB92152110800EBBB8F /* SuperMap */;
			targetProxy = 84846BCF2152110900EBBB8F /* PBXContainerItemProxy */;
		};
		84846BDB2152110900EBBB8F /* PBXTargetDependency */ = {
			isa = PBXTargetDependency;
			target = 84846BB92152110800EBBB8F /* SuperMap */;
			targetProxy = 84846BDA2152110900EBBB8F /* PBXContainerItemProxy */;
		};
/* End PBXTargetDependency section */

/* Begin PBXVariantGroup section */
		84846BC12152110800EBBB8F /* Main.storyboard */ = {
			isa = PBXVariantGroup;
			children = (
				84846BC22152110800EBBB8F /* Base */,
			);
			name = Main.storyboard;
			sourceTree = "<group>";
		};
		84846BC62152110900EBBB8F /* LaunchScreen.storyboard */ = {
			isa = PBXVariantGroup;
			children = (
				84846BC72152110900EBBB8F /* Base */,
			);
			name = LaunchScreen.storyboard;
			sourceTree = "<group>";
		};
/* End PBXVariantGroup section */

/* Begin XCBuildConfiguration section */
		84846BE02152110900EBBB8F /* Debug */ = {
			isa = XCBuildConfiguration;
			buildSettings = {
				ALWAYS_SEARCH_USER_PATHS = NO;
				CLANG_ANALYZER_NONNULL = YES;
				CLANG_ANALYZER_NUMBER_OBJECT_CONVERSION = YES_AGGRESSIVE;
				CLANG_CXX_LANGUAGE_STANDARD = "gnu++14";
				CLANG_CXX_LIBRARY = "libc++";
				CLANG_ENABLE_MODULES = YES;
				CLANG_ENABLE_OBJC_ARC = YES;
				CLANG_ENABLE_OBJC_WEAK = YES;
				CLANG_WARN_BLOCK_CAPTURE_AUTORELEASING = YES;
				CLANG_WARN_BOOL_CONVERSION = YES;
				CLANG_WARN_COMMA = YES;
				CLANG_WARN_CONSTANT_CONVERSION = YES;
				CLANG_WARN_DEPRECATED_OBJC_IMPLEMENTATIONS = YES;
				CLANG_WARN_DIRECT_OBJC_ISA_USAGE = YES_ERROR;
				CLANG_WARN_DOCUMENTATION_COMMENTS = YES;
				CLANG_WARN_EMPTY_BODY = YES;
				CLANG_WARN_ENUM_CONVERSION = YES;
				CLANG_WARN_INFINITE_RECURSION = YES;
				CLANG_WARN_INT_CONVERSION = YES;
				CLANG_WARN_NON_LITERAL_NULL_CONVERSION = YES;
				CLANG_WARN_OBJC_IMPLICIT_RETAIN_SELF = YES;
				CLANG_WARN_OBJC_LITERAL_CONVERSION = YES;
				CLANG_WARN_OBJC_ROOT_CLASS = YES_ERROR;
				CLANG_WARN_RANGE_LOOP_ANALYSIS = YES;
				CLANG_WARN_STRICT_PROTOTYPES = YES;
				CLANG_WARN_SUSPICIOUS_MOVE = YES;
				CLANG_WARN_UNGUARDED_AVAILABILITY = YES_AGGRESSIVE;
				CLANG_WARN_UNREACHABLE_CODE = YES;
				CLANG_WARN__DUPLICATE_METHOD_MATCH = YES;
				CODE_SIGN_IDENTITY = "iPhone Developer";
				COPY_PHASE_STRIP = NO;
				DEBUG_INFORMATION_FORMAT = dwarf;
				ENABLE_STRICT_OBJC_MSGSEND = YES;
				ENABLE_TESTABILITY = YES;
				GCC_C_LANGUAGE_STANDARD = gnu11;
				GCC_DYNAMIC_NO_PIC = NO;
				GCC_NO_COMMON_BLOCKS = YES;
				GCC_OPTIMIZATION_LEVEL = 0;
				GCC_PREPROCESSOR_DEFINITIONS = (
					"DEBUG=1",
					"$(inherited)",
				);
				GCC_WARN_64_TO_32_BIT_CONVERSION = YES;
				GCC_WARN_ABOUT_RETURN_TYPE = YES_ERROR;
				GCC_WARN_UNDECLARED_SELECTOR = YES;
				GCC_WARN_UNINITIALIZED_AUTOS = YES_AGGRESSIVE;
				GCC_WARN_UNUSED_FUNCTION = YES;
				GCC_WARN_UNUSED_VARIABLE = YES;
				IPHONEOS_DEPLOYMENT_TARGET = 11.3;
				MTL_ENABLE_DEBUG_INFO = YES;
				ONLY_ACTIVE_ARCH = YES;
				SDKROOT = iphoneos;
				SWIFT_ACTIVE_COMPILATION_CONDITIONS = DEBUG;
				SWIFT_OPTIMIZATION_LEVEL = "-Onone";
			};
			name = Debug;
		};
		84846BE12152110900EBBB8F /* Release */ = {
			isa = XCBuildConfiguration;
			buildSettings = {
				ALWAYS_SEARCH_USER_PATHS = NO;
				CLANG_ANALYZER_NONNULL = YES;
				CLANG_ANALYZER_NUMBER_OBJECT_CONVERSION = YES_AGGRESSIVE;
				CLANG_CXX_LANGUAGE_STANDARD = "gnu++14";
				CLANG_CXX_LIBRARY = "libc++";
				CLANG_ENABLE_MODULES = YES;
				CLANG_ENABLE_OBJC_ARC = YES;
				CLANG_ENABLE_OBJC_WEAK = YES;
				CLANG_WARN_BLOCK_CAPTURE_AUTORELEASING = YES;
				CLANG_WARN_BOOL_CONVERSION = YES;
				CLANG_WARN_COMMA = YES;
				CLANG_WARN_CONSTANT_CONVERSION = YES;
				CLANG_WARN_DEPRECATED_OBJC_IMPLEMENTATIONS = YES;
				CLANG_WARN_DIRECT_OBJC_ISA_USAGE = YES_ERROR;
				CLANG_WARN_DOCUMENTATION_COMMENTS = YES;
				CLANG_WARN_EMPTY_BODY = YES;
				CLANG_WARN_ENUM_CONVERSION = YES;
				CLANG_WARN_INFINITE_RECURSION = YES;
				CLANG_WARN_INT_CONVERSION = YES;
				CLANG_WARN_NON_LITERAL_NULL_CONVERSION = YES;
				CLANG_WARN_OBJC_IMPLICIT_RETAIN_SELF = YES;
				CLANG_WARN_OBJC_LITERAL_CONVERSION = YES;
				CLANG_WARN_OBJC_ROOT_CLASS = YES_ERROR;
				CLANG_WARN_RANGE_LOOP_ANALYSIS = YES;
				CLANG_WARN_STRICT_PROTOTYPES = YES;
				CLANG_WARN_SUSPICIOUS_MOVE = YES;
				CLANG_WARN_UNGUARDED_AVAILABILITY = YES_AGGRESSIVE;
				CLANG_WARN_UNREACHABLE_CODE = YES;
				CLANG_WARN__DUPLICATE_METHOD_MATCH = YES;
				CODE_SIGN_IDENTITY = "iPhone Developer";
				COPY_PHASE_STRIP = NO;
				DEBUG_INFORMATION_FORMAT = "dwarf-with-dsym";
				ENABLE_NS_ASSERTIONS = NO;
				ENABLE_STRICT_OBJC_MSGSEND = YES;
				GCC_C_LANGUAGE_STANDARD = gnu11;
				GCC_NO_COMMON_BLOCKS = YES;
				GCC_WARN_64_TO_32_BIT_CONVERSION = YES;
				GCC_WARN_ABOUT_RETURN_TYPE = YES_ERROR;
				GCC_WARN_UNDECLARED_SELECTOR = YES;
				GCC_WARN_UNINITIALIZED_AUTOS = YES_AGGRESSIVE;
				GCC_WARN_UNUSED_FUNCTION = YES;
				GCC_WARN_UNUSED_VARIABLE = YES;
				IPHONEOS_DEPLOYMENT_TARGET = 11.3;
				MTL_ENABLE_DEBUG_INFO = NO;
				SDKROOT = iphoneos;
				SWIFT_COMPILATION_MODE = wholemodule;
				SWIFT_OPTIMIZATION_LEVEL = "-O";
				VALIDATE_PRODUCT = YES;
			};
			name = Release;
		};
		84846BE32152110900EBBB8F /* Debug */ = {
			isa = XCBuildConfiguration;
			baseConfigurationReference = 8CD3E3D8DE492CB2ABD092EB /* Pods-SuperMap.debug.xcconfig */;
			buildSettings = {
				ASSETCATALOG_COMPILER_APPICON_NAME = AppIcon;
				CODE_SIGN_STYLE = Automatic;
				INFOPLIST_FILE = SuperMap/Info.plist;
				LD_RUNPATH_SEARCH_PATHS = (
					"$(inherited)",
					"@executable_path/Frameworks",
				);
				PRODUCT_BUNDLE_IDENTIFIER = gem.fresher.SuperMap;
				PRODUCT_NAME = "$(TARGET_NAME)";
				SWIFT_VERSION = 4.0;
				TARGETED_DEVICE_FAMILY = "1,2";
			};
			name = Debug;
		};
		84846BE42152110900EBBB8F /* Release */ = {
			isa = XCBuildConfiguration;
			baseConfigurationReference = 017B218CF09F1576134EEE75 /* Pods-SuperMap.release.xcconfig */;
			buildSettings = {
				ASSETCATALOG_COMPILER_APPICON_NAME = AppIcon;
				CODE_SIGN_STYLE = Automatic;
				INFOPLIST_FILE = SuperMap/Info.plist;
				LD_RUNPATH_SEARCH_PATHS = (
					"$(inherited)",
					"@executable_path/Frameworks",
				);
				PRODUCT_BUNDLE_IDENTIFIER = gem.fresher.SuperMap;
				PRODUCT_NAME = "$(TARGET_NAME)";
				SWIFT_VERSION = 4.0;
				TARGETED_DEVICE_FAMILY = "1,2";
			};
			name = Release;
		};
		84846BE62152110900EBBB8F /* Debug */ = {
			isa = XCBuildConfiguration;
			baseConfigurationReference = BB6013CF26AF4D12CD40010B /* Pods-SuperMapTests.debug.xcconfig */;
			buildSettings = {
				ALWAYS_EMBED_SWIFT_STANDARD_LIBRARIES = YES;
				BUNDLE_LOADER = "$(TEST_HOST)";
				CODE_SIGN_STYLE = Automatic;
				INFOPLIST_FILE = SuperMapTests/Info.plist;
				LD_RUNPATH_SEARCH_PATHS = (
					"$(inherited)",
					"@executable_path/Frameworks",
					"@loader_path/Frameworks",
				);
				PRODUCT_BUNDLE_IDENTIFIER = gem.fresher.SuperMapTests;
				PRODUCT_NAME = "$(TARGET_NAME)";
				SWIFT_VERSION = 4.0;
				TARGETED_DEVICE_FAMILY = "1,2";
				TEST_HOST = "$(BUILT_PRODUCTS_DIR)/SuperMap.app/SuperMap";
			};
			name = Debug;
		};
		84846BE72152110900EBBB8F /* Release */ = {
			isa = XCBuildConfiguration;
			baseConfigurationReference = 7850F454507AF2DE332F1D56 /* Pods-SuperMapTests.release.xcconfig */;
			buildSettings = {
				ALWAYS_EMBED_SWIFT_STANDARD_LIBRARIES = YES;
				BUNDLE_LOADER = "$(TEST_HOST)";
				CODE_SIGN_STYLE = Automatic;
				INFOPLIST_FILE = SuperMapTests/Info.plist;
				LD_RUNPATH_SEARCH_PATHS = (
					"$(inherited)",
					"@executable_path/Frameworks",
					"@loader_path/Frameworks",
				);
				PRODUCT_BUNDLE_IDENTIFIER = gem.fresher.SuperMapTests;
				PRODUCT_NAME = "$(TARGET_NAME)";
				SWIFT_VERSION = 4.0;
				TARGETED_DEVICE_FAMILY = "1,2";
				TEST_HOST = "$(BUILT_PRODUCTS_DIR)/SuperMap.app/SuperMap";
			};
			name = Release;
		};
		84846BE92152110900EBBB8F /* Debug */ = {
			isa = XCBuildConfiguration;
			baseConfigurationReference = 4DDFA096E1E47E81C72602A1 /* Pods-SuperMapUITests.debug.xcconfig */;
			buildSettings = {
				ALWAYS_EMBED_SWIFT_STANDARD_LIBRARIES = YES;
				CODE_SIGN_STYLE = Automatic;
				INFOPLIST_FILE = SuperMapUITests/Info.plist;
				LD_RUNPATH_SEARCH_PATHS = (
					"$(inherited)",
					"@executable_path/Frameworks",
					"@loader_path/Frameworks",
				);
				PRODUCT_BUNDLE_IDENTIFIER = gem.fresher.SuperMapUITests;
				PRODUCT_NAME = "$(TARGET_NAME)";
				SWIFT_VERSION = 4.0;
				TARGETED_DEVICE_FAMILY = "1,2";
				TEST_TARGET_NAME = SuperMap;
			};
			name = Debug;
		};
		84846BEA2152110900EBBB8F /* Release */ = {
			isa = XCBuildConfiguration;
			baseConfigurationReference = D1BC1CF40B5FE0F82CC735E7 /* Pods-SuperMapUITests.release.xcconfig */;
			buildSettings = {
				ALWAYS_EMBED_SWIFT_STANDARD_LIBRARIES = YES;
				CODE_SIGN_STYLE = Automatic;
				INFOPLIST_FILE = SuperMapUITests/Info.plist;
				LD_RUNPATH_SEARCH_PATHS = (
					"$(inherited)",
					"@executable_path/Frameworks",
					"@loader_path/Frameworks",
				);
				PRODUCT_BUNDLE_IDENTIFIER = gem.fresher.SuperMapUITests;
				PRODUCT_NAME = "$(TARGET_NAME)";
				SWIFT_VERSION = 4.0;
				TARGETED_DEVICE_FAMILY = "1,2";
				TEST_TARGET_NAME = SuperMap;
			};
			name = Release;
		};
/* End XCBuildConfiguration section */

/* Begin XCConfigurationList section */
		84846BB52152110800EBBB8F /* Build configuration list for PBXProject "SuperMap" */ = {
			isa = XCConfigurationList;
			buildConfigurations = (
				84846BE02152110900EBBB8F /* Debug */,
				84846BE12152110900EBBB8F /* Release */,
			);
			defaultConfigurationIsVisible = 0;
			defaultConfigurationName = Release;
		};
		84846BE22152110900EBBB8F /* Build configuration list for PBXNativeTarget "SuperMap" */ = {
			isa = XCConfigurationList;
			buildConfigurations = (
				84846BE32152110900EBBB8F /* Debug */,
				84846BE42152110900EBBB8F /* Release */,
			);
			defaultConfigurationIsVisible = 0;
			defaultConfigurationName = Release;
		};
		84846BE52152110900EBBB8F /* Build configuration list for PBXNativeTarget "SuperMapTests" */ = {
			isa = XCConfigurationList;
			buildConfigurations = (
				84846BE62152110900EBBB8F /* Debug */,
				84846BE72152110900EBBB8F /* Release */,
			);
			defaultConfigurationIsVisible = 0;
			defaultConfigurationName = Release;
		};
		84846BE82152110900EBBB8F /* Build configuration list for PBXNativeTarget "SuperMapUITests" */ = {
			isa = XCConfigurationList;
			buildConfigurations = (
				84846BE92152110900EBBB8F /* Debug */,
				84846BEA2152110900EBBB8F /* Release */,
			);
			defaultConfigurationIsVisible = 0;
			defaultConfigurationName = Release;
		};
/* End XCConfigurationList section */
	};
	rootObject = 84846BB22152110800EBBB8F /* Project object */;
}
